
Microsoft Visual Studio Solution File, Format Version 12.00
# Visual Studio Version 17
VisualStudioVersion = 17.5.33424.131
MinimumVisualStudioVersion = 10.0.40219.1
Project("{FAE04EC0-301F-11D3-BF4B-00C04F79EFBC}") = "CSharpSyntax", "CSharpSyntax\CSharpSyntax.csproj", "{E86858DF-35D5-43F6-8ACC-4234A509189D}"
EndProject
Global
	GlobalSection(SolutionConfigurationPlatforms) = preSolution
		Debug|Any CPU = Debug|Any CPU
		Release|Any CPU = Release|Any CPU
	EndGlobalSection
	GlobalSection(ProjectConfigurationPlatforms) = postSolution
		{E86858DF-35D5-43F6-8ACC-4234A509189D}.Debug|Any CPU.ActiveCfg = Debug|Any CPU
		{E86858DF-35D5-43F6-8ACC-4234A509189D}.Debug|Any CPU.Build.0 = Debug|Any CPU
		{E86858DF-35D5-43F6-8ACC-4234A509189D}.Release|Any CPU.ActiveCfg = Release|Any CPU
		{E86858DF-35D5-43F6-8ACC-4234A509189D}.Release|Any CPU.Build.0 = Release|Any CPU
	EndGlobalSection
	GlobalSection(SolutionProperties) = preSolution
		HideSolutionNode = FALSE
	EndGlobalSection
	GlobalSection(ExtensibilityGlobals) = postSolution
		SolutionGuid = {58E95B14-DF1E-44FD-9614-07DC899B42EA}
	EndGlobalSection
EndGlobal
